
Microsoft Visual Studio Solution File, Format Version 12.00
# Visual Studio Version 16
VisualStudioVersion = 16.0.31005.135
MinimumVisualStudioVersion = 10.0.40219.1
Project("{FAE04EC0-301F-11D3-BF4B-00C04F79EFBC}") = "QuizApp", "QuizApp.csproj", "{207504A3-13DF-420A-8C9C-2E419E9D6C16}"
EndProject
Global
	GlobalSection(SolutionConfigurationPlatforms) = preSolution
		Debug|Any CPU = Debug|Any CPU
		Release|Any CPU = Release|Any CPU
	EndGlobalSection
	GlobalSection(ProjectConfigurationPlatforms) = postSolution
		{207504A3-13DF-420A-8C9C-2E419E9D6C16}.Debug|Any CPU.ActiveCfg = Debug|Any CPU
		{207504A3-13DF-420A-8C9C-2E419E9D6C16}.Debug|Any CPU.Build.0 = Debug|Any CPU
		{207504A3-13DF-420A-8C9C-2E419E9D6C16}.Release|Any CPU.ActiveCfg = Release|Any CPU
		{207504A3-13DF-420A-8C9C-2E419E9D6C16}.Release|Any CPU.Build.0 = Release|Any CPU
	EndGlobalSection
	GlobalSection(SolutionProperties) = preSolution
		HideSolutionNode = FALSE
	EndGlobalSection
	GlobalSection(ExtensibilityGlobals) = postSolution
		SolutionGuid = {DADB217E-EE99-4B5B-A4CE-FEC681CA09F4}
	EndGlobalSection
EndGlobal
